
Microsoft Visual Studio Solution File, Format Version 12.00
# Visual Studio Version 17
VisualStudioVersion = 17.14.37216.2 d17.14
MinimumVisualStudioVersion = 10.0.40219.1
Project("{FAE04EC0-301F-11D3-BF4B-00C04F79EFBC}") = "TaskBackend", "TaskBackend.csproj", "{74FB6CFC-C4F4-4600-B84E-0615A6BD2E85}"
EndProject
Global
	GlobalSection(SolutionConfigurationPlatforms) = preSolution
		Debug|Any CPU = Debug|Any CPU
		Release|Any CPU = Release|Any CPU
	EndGlobalSection
	GlobalSection(ProjectConfigurationPlatforms) = postSolution
		{74FB6CFC-C4F4-4600-B84E-0615A6BD2E85}.Debug|Any CPU.ActiveCfg = Debug|Any CPU
		{74FB6CFC-C4F4-4600-B84E-0615A6BD2E85}.Debug|Any CPU.Build.0 = Debug|Any CPU
		{74FB6CFC-C4F4-4600-B84E-0615A6BD2E85}.Release|Any CPU.ActiveCfg = Release|Any CPU
		{74FB6CFC-C4F4-4600-B84E-0615A6BD2E85}.Release|Any CPU.Build.0 = Release|Any CPU
	EndGlobalSection
	GlobalSection(SolutionProperties) = preSolution
		HideSolutionNode = FALSE
	EndGlobalSection
	GlobalSection(ExtensibilityGlobals) = postSolution
		SolutionGuid = {23DF9F67-6BEF-4DD1-BDE1-CF0E9AB35A14}
	EndGlobalSection
EndGlobal
